
Microsoft Visual Studio Solution File, Format Version 12.00
# Visual Studio Version 16
VisualStudioVersion = 16.0.30621.155
MinimumVisualStudioVersion = 10.0.40219.1
Project("{FAE04EC0-301F-11D3-BF4B-00C04F79EFBC}") = "AnimalsStoreWeb", "AnimalsStoreWeb\AnimalsStoreWeb.csproj", "{D7731CC8-5498-4CAF-A4F5-D02754C79FFF}"
EndProject
Global
	GlobalSection(SolutionConfigurationPlatforms) = preSolution
		Debug|Any CPU = Debug|Any CPU
		Release|Any CPU = Release|Any CPU
	EndGlobalSection
	GlobalSection(ProjectConfigurationPlatforms) = postSolution
		{D7731CC8-5498-4CAF-A4F5-D02754C79FFF}.Debug|Any CPU.ActiveCfg = Debug|Any CPU
		{D7731CC8-5498-4CAF-A4F5-D02754C79FFF}.Debug|Any CPU.Build.0 = Debug|Any CPU
		{D7731CC8-5498-4CAF-A4F5-D02754C79FFF}.Release|Any CPU.ActiveCfg = Release|Any CPU
		{D7731CC8-5498-4CAF-A4F5-D02754C79FFF}.Release|Any CPU.Build.0 = Release|Any CPU
	EndGlobalSection
	GlobalSection(SolutionProperties) = preSolution
		HideSolutionNode = FALSE
	EndGlobalSection
	GlobalSection(ExtensibilityGlobals) = postSolution
		SolutionGuid = {FBB37D00-7AC8-4269-BEC2-D976EA1E41EB}
	EndGlobalSection
EndGlobal
